
Microsoft Visual Studio Solution File, Format Version 12.00
# Visual Studio Version 16
VisualStudioVersion = 16.0.31911.196
MinimumVisualStudioVersion = 10.0.40219.1
Project("{FAE04EC0-301F-11D3-BF4B-00C04F79EFBC}") = "ConsoleApp1", "ConsoleApp1\ConsoleApp1.csproj", "{656F1446-2F64-48DF-8BF6-16936F43FC6D}"
EndProject
Global
	GlobalSection(SolutionConfigurationPlatforms) = preSolution
		Debug|Any CPU = Debug|Any CPU
		Release|Any CPU = Release|Any CPU
	EndGlobalSection
	GlobalSection(ProjectConfigurationPlatforms) = postSolution
		{656F1446-2F64-48DF-8BF6-16936F43FC6D}.Debug|Any CPU.ActiveCfg = Debug|Any CPU
		{656F1446-2F64-48DF-8BF6-16936F43FC6D}.Debug|Any CPU.Build.0 = Debug|Any CPU
		{656F1446-2F64-48DF-8BF6-16936F43FC6D}.Release|Any CPU.ActiveCfg = Release|Any CPU
		{656F1446-2F64-48DF-8BF6-16936F43FC6D}.Release|Any CPU.Build.0 = Release|Any CPU
	EndGlobalSection
	GlobalSection(SolutionProperties) = preSolution
		HideSolutionNode = FALSE
	EndGlobalSection
	GlobalSection(ExtensibilityGlobals) = postSolution
		SolutionGuid = {5973D4DA-C773-4350-B7B2-BB6F5F7218A8}
	EndGlobalSection
EndGlobal
